
Microsoft Visual Studio Solution File, Format Version 12.00
# Visual Studio Version 17
VisualStudioVersion = 17.14.36401.2
MinimumVisualStudioVersion = 10.0.40219.1
Project("{FAE04EC0-301F-11D3-BF4B-00C04F79EFBC}") = "TaleOn", "TaleOn\TaleOn.csproj", "{2D7CB212-64F1-4C6B-873B-9A37567C4093}"
EndProject
Project("{FAE04EC0-301F-11D3-BF4B-00C04F79EFBC}") = "AccessData", "AcessData\AccessData.csproj", "{9C58A697-723E-4A1A-AF30-95AB16493B4F}"
EndProject
Project("{FAE04EC0-301F-11D3-BF4B-00C04F79EFBC}") = "TaleOn.Services", "TaleOn.Services\TaleOn.Services.csproj", "{6C33CE0B-C842-40C2-AADA-71A949CFEBA0}"
EndProject
Project("{FAE04EC0-301F-11D3-BF4B-00C04F79EFBC}") = "Models", "Models\Models.csproj", "{C63A6BF9-61C2-48D8-9F67-5C1FB674134A}"
EndProject
Global
	GlobalSection(SolutionConfigurationPlatforms) = preSolution
		Debug|Any CPU = Debug|Any CPU
		Release|Any CPU = Release|Any CPU
	EndGlobalSection
	GlobalSection(ProjectConfigurationPlatforms) = postSolution
		{2D7CB212-64F1-4C6B-873B-9A37567C4093}.Debug|Any CPU.ActiveCfg = Debug|Any CPU
		{2D7CB212-64F1-4C6B-873B-9A37567C4093}.Debug|Any CPU.Build.0 = Debug|Any CPU
		{2D7CB212-64F1-4C6B-873B-9A37567C4093}.Release|Any CPU.ActiveCfg = Release|Any CPU
		{2D7CB212-64F1-4C6B-873B-9A37567C4093}.Release|Any CPU.Build.0 = Release|Any CPU
		{9C58A697-723E-4A1A-AF30-95AB16493B4F}.Debug|Any CPU.ActiveCfg = Debug|Any CPU
		{9C58A697-723E-4A1A-AF30-95AB16493B4F}.Debug|Any CPU.Build.0 = Debug|Any CPU
		{9C58A697-723E-4A1A-AF30-95AB16493B4F}.Release|Any CPU.ActiveCfg = Release|Any CPU
		{9C58A697-723E-4A1A-AF30-95AB16493B4F}.Release|Any CPU.Build.0 = Release|Any CPU
		{6C33CE0B-C842-40C2-AADA-71A949CFEBA0}.Debug|Any CPU.ActiveCfg = Debug|Any CPU
		{6C33CE0B-C842-40C2-AADA-71A949CFEBA0}.Debug|Any CPU.Build.0 = Debug|Any CPU
		{6C33CE0B-C842-40C2-AADA-71A949CFEBA0}.Release|Any CPU.ActiveCfg = Release|Any CPU
		{6C33CE0B-C842-40C2-AADA-71A949CFEBA0}.Release|Any CPU.Build.0 = Release|Any CPU
		{C63A6BF9-61C2-48D8-9F67-5C1FB674134A}.Debug|Any CPU.ActiveCfg = Debug|Any CPU
		{C63A6BF9-61C2-48D8-9F67-5C1FB674134A}.Debug|Any CPU.Build.0 = Debug|Any CPU
		{C63A6BF9-61C2-48D8-9F67-5C1FB674134A}.Release|Any CPU.ActiveCfg = Release|Any CPU
		{C63A6BF9-61C2-48D8-9F67-5C1FB674134A}.Release|Any CPU.Build.0 = Release|Any CPU
	EndGlobalSection
	GlobalSection(SolutionProperties) = preSolution
		HideSolutionNode = FALSE
	EndGlobalSection
	GlobalSection(ExtensibilityGlobals) = postSolution
		SolutionGuid = {4F735988-1562-4D81-B84C-CB4E9CDB02DE}
	EndGlobalSection
EndGlobal
